
Microsoft Visual Studio Solution File, Format Version 12.00
# Visual Studio Version 17
VisualStudioVersion = 17.11.35017.193
MinimumVisualStudioVersion = 10.0.40219.1
Project("{FAE04EC0-301F-11D3-BF4B-00C04F79EFBC}") = "DiaryApp", "DiaryApp\DiaryApp.csproj", "{0608CD74-8623-4088-B604-0D0EABAFBDD7}"
EndProject
Global
	GlobalSection(SolutionConfigurationPlatforms) = preSolution
		Debug|Any CPU = Debug|Any CPU
		Release|Any CPU = Release|Any CPU
	EndGlobalSection
	GlobalSection(ProjectConfigurationPlatforms) = postSolution
		{0608CD74-8623-4088-B604-0D0EABAFBDD7}.Debug|Any CPU.ActiveCfg = Debug|Any CPU
		{0608CD74-8623-4088-B604-0D0EABAFBDD7}.Debug|Any CPU.Build.0 = Debug|Any CPU
		{0608CD74-8623-4088-B604-0D0EABAFBDD7}.Release|Any CPU.ActiveCfg = Release|Any CPU
		{0608CD74-8623-4088-B604-0D0EABAFBDD7}.Release|Any CPU.Build.0 = Release|Any CPU
	EndGlobalSection
	GlobalSection(SolutionProperties) = preSolution
		HideSolutionNode = FALSE
	EndGlobalSection
	GlobalSection(ExtensibilityGlobals) = postSolution
		SolutionGuid = {6C3DBDB0-0A4A-4C14-8853-BE5C986BDE2A}
	EndGlobalSection
EndGlobal
